
Microsoft Visual Studio Solution File, Format Version 12.00
# Visual Studio Version 17
VisualStudioVersion = 17.5.33530.505
MinimumVisualStudioVersion = 10.0.40219.1
Project("{9A19103F-16F7-4668-BE54-9A1E7A4F7556}") = "DotnetAngular", "DotnetAngular.csproj", "{9332E759-F6C3-4C7E-B3D7-C77E2B6FAB74}"
EndProject
Global
	GlobalSection(SolutionConfigurationPlatforms) = preSolution
		Debug|Any CPU = Debug|Any CPU
		Release|Any CPU = Release|Any CPU
	EndGlobalSection
	GlobalSection(ProjectConfigurationPlatforms) = postSolution
		{9332E759-F6C3-4C7E-B3D7-C77E2B6FAB74}.Debug|Any CPU.ActiveCfg = Debug|Any CPU
		{9332E759-F6C3-4C7E-B3D7-C77E2B6FAB74}.Debug|Any CPU.Build.0 = Debug|Any CPU
		{9332E759-F6C3-4C7E-B3D7-C77E2B6FAB74}.Release|Any CPU.ActiveCfg = Release|Any CPU
		{9332E759-F6C3-4C7E-B3D7-C77E2B6FAB74}.Release|Any CPU.Build.0 = Release|Any CPU
	EndGlobalSection
	GlobalSection(SolutionProperties) = preSolution
		HideSolutionNode = FALSE
	EndGlobalSection
	GlobalSection(ExtensibilityGlobals) = postSolution
		SolutionGuid = {DC656901-4229-4F20-87E8-6A060DE94795}
	EndGlobalSection
EndGlobal
